
Microsoft Visual Studio Solution File, Format Version 12.00
# Visual Studio Version 16
VisualStudioVersion = 16.0.30517.126
MinimumVisualStudioVersion = 10.0.40219.1
Project("{FAE04EC0-301F-11D3-BF4B-00C04F79EFBC}") = "Week13-Test", "Week13-Test\Week13-Test.csproj", "{9122D9D2-8EB5-4D7D-829C-34964257563F}"
EndProject
Project("{FAE04EC0-301F-11D3-BF4B-00C04F79EFBC}") = "Ylesanne2", "Ylesanne2\Ylesanne2.csproj", "{8F0D00CE-8402-4E14-A663-A7AB2E9A4DC1}"
EndProject
Project("{FAE04EC0-301F-11D3-BF4B-00C04F79EFBC}") = "Ylesanne3", "Ylesanne3\Ylesanne3.csproj", "{F61D860F-55DB-4472-85DE-37DF5FAA133F}"
EndProject
Project("{FAE04EC0-301F-11D3-BF4B-00C04F79EFBC}") = "Ylesanne5", "Ylesanne5\Ylesanne5.csproj", "{422D29BA-49B1-4466-BB13-4DEE80B04778}"
EndProject
Project("{FAE04EC0-301F-11D3-BF4B-00C04F79EFBC}") = "Ylesanne4", "Ylesanne4\Ylesanne4.csproj", "{E28ABFE7-95CD-414D-8D61-34144B13CE6C}"
EndProject
Global
	GlobalSection(SolutionConfigurationPlatforms) = preSolution
		Debug|Any CPU = Debug|Any CPU
		Release|Any CPU = Release|Any CPU
	EndGlobalSection
	GlobalSection(ProjectConfigurationPlatforms) = postSolution
		{9122D9D2-8EB5-4D7D-829C-34964257563F}.Debug|Any CPU.ActiveCfg = Debug|Any CPU
		{9122D9D2-8EB5-4D7D-829C-34964257563F}.Debug|Any CPU.Build.0 = Debug|Any CPU
		{9122D9D2-8EB5-4D7D-829C-34964257563F}.Release|Any CPU.ActiveCfg = Release|Any CPU
		{9122D9D2-8EB5-4D7D-829C-34964257563F}.Release|Any CPU.Build.0 = Release|Any CPU
		{8F0D00CE-8402-4E14-A663-A7AB2E9A4DC1}.Debug|Any CPU.ActiveCfg = Debug|Any CPU
		{8F0D00CE-8402-4E14-A663-A7AB2E9A4DC1}.Debug|Any CPU.Build.0 = Debug|Any CPU
		{8F0D00CE-8402-4E14-A663-A7AB2E9A4DC1}.Release|Any CPU.ActiveCfg = Release|Any CPU
		{8F0D00CE-8402-4E14-A663-A7AB2E9A4DC1}.Release|Any CPU.Build.0 = Release|Any CPU
		{F61D860F-55DB-4472-85DE-37DF5FAA133F}.Debug|Any CPU.ActiveCfg = Debug|Any CPU
		{F61D860F-55DB-4472-85DE-37DF5FAA133F}.Debug|Any CPU.Build.0 = Debug|Any CPU
		{F61D860F-55DB-4472-85DE-37DF5FAA133F}.Release|Any CPU.ActiveCfg = Release|Any CPU
		{F61D860F-55DB-4472-85DE-37DF5FAA133F}.Release|Any CPU.Build.0 = Release|Any CPU
		{422D29BA-49B1-4466-BB13-4DEE80B04778}.Debug|Any CPU.ActiveCfg = Debug|Any CPU
		{422D29BA-49B1-4466-BB13-4DEE80B04778}.Debug|Any CPU.Build.0 = Debug|Any CPU
		{422D29BA-49B1-4466-BB13-4DEE80B04778}.Release|Any CPU.ActiveCfg = Release|Any CPU
		{422D29BA-49B1-4466-BB13-4DEE80B04778}.Release|Any CPU.Build.0 = Release|Any CPU
		{E28ABFE7-95CD-414D-8D61-34144B13CE6C}.Debug|Any CPU.ActiveCfg = Debug|Any CPU
		{E28ABFE7-95CD-414D-8D61-34144B13CE6C}.Debug|Any CPU.Build.0 = Debug|Any CPU
		{E28ABFE7-95CD-414D-8D61-34144B13CE6C}.Release|Any CPU.ActiveCfg = Release|Any CPU
		{E28ABFE7-95CD-414D-8D61-34144B13CE6C}.Release|Any CPU.Build.0 = Release|Any CPU
	EndGlobalSection
	GlobalSection(SolutionProperties) = preSolution
		HideSolutionNode = FALSE
	EndGlobalSection
	GlobalSection(ExtensibilityGlobals) = postSolution
		SolutionGuid = {8F06C997-9D34-4E65-BE92-2716EFB2EA87}
	EndGlobalSection
EndGlobal
